{
  "name": "ExteraNext",
  "lockfileVersion": 3,
  "requires": true,
  "packages": {
    "": {
      "dependencies": {
        "@element-hq/element-call-embedded": "^0.16.3"
      }
    },
    "node_modules/@element-hq/element-call-embedded": {
      "version": "0.16.3",
      "resolved": "https://registry.npmjs.org/@element-hq/element-call-embedded/-/element-call-embedded-0.16.3.tgz",
      "integrity": "sha512-OViKJonDaDNVBUW9WdV9mk78/Ruh34C7XsEgt3O8D9z+64C39elbIgllHSoH5S12IRlv9RYrrV37FZLo6QWsDQ=="
    }
  }
}
